<?xml version="1.0" encoding="utf-8"?>
<Project ToolsVersion="4.0" xmlns="http://schemas.microsoft.com/developer/msbuild/2003">
  <ItemGroup>
    <Filter Include="win32">
      <UniqueIdentifier>{84a8ebd7-7cf0-47f6-b75e-d441df67da40}</UniqueIdentifier>
    </Filter>
    <Filter Include="resource">
      <UniqueIdentifier>{715254bc-d70b-4ec5-bf29-467dd3ace079}</UniqueIdentifier>
    </Filter>
    <Filter Include="Sources">
      <UniqueIdentifier>{f3f01d72-2b60-495e-8925-f40edc6f9534}</UniqueIdentifier>
    </Filter>
  </ItemGroup>
  <ItemGroup>
    <ClCompile Include="..\Sources\Bala.cpp">
      <Filter>Sources</Filter>
    </ClCompile>
    <ClCompile Include="..\Sources\KeyboardTest.cpp">
      <Filter>Sources</Filter>
    </ClCompile>
    <ClCompile Include="..\Sources\Level1.cpp">
      <Filter>Sources</Filter>
    </ClCompile>
    <ClCompile Include="..\Sources\main.cpp">
      <Filter>Sources</Filter>
    </ClCompile>
    <ClCompile Include="..\Sources\Menus.cpp">
      <Filter>Sources</Filter>
    </ClCompile>
    <ClCompile Include="..\Sources\MiEscena.cpp">
      <Filter>Sources</Filter>
    </ClCompile>
    <ClCompile Include="..\Sources\AppDelegate.cpp">
      <Filter>Sources</Filter>
    </ClCompile>
    <ClCompile Include="..\Sources\Game.cpp">
      <Filter>Sources</Filter>
    </ClCompile>
    <ClCompile Include="..\Sources\Jugador.cpp">
      <Filter>Sources</Filter>
    </ClCompile>
    <ClCompile Include="..\Sources\Enemigo.cpp">
      <Filter>Sources</Filter>
    </ClCompile>
    <ClCompile Include="..\Sources\PolyspriteTest.cpp">
      <Filter>Sources</Filter>
    </ClCompile>
    <ClCompile Include="..\Sources\Horda.cpp">
      <Filter>Sources</Filter>
    </ClCompile>
    <ClCompile Include="..\Sources\Pool.cpp">
      <Filter>Sources</Filter>
    </ClCompile>
  </ItemGroup>
  <ItemGroup>
    <ClInclude Include="..\Sources\Bala.h">
      <Filter>Sources</Filter>
    </ClInclude>
    <ClInclude Include="..\Sources\KeyboardTest.h">
      <Filter>Sources</Filter>
    </ClInclude>
    <ClInclude Include="..\Sources\Level1.h">
      <Filter>Sources</Filter>
    </ClInclude>
    <ClInclude Include="..\Sources\main.h">
      <Filter>Sources</Filter>
    </ClInclude>
    <ClInclude Include="..\Sources\Menus.h">
      <Filter>Sources</Filter>
    </ClInclude>
    <ClInclude Include="..\Sources\MiEscena.h">
      <Filter>Sources</Filter>
    </ClInclude>
    <ClInclude Include="..\Sources\resource.h">
      <Filter>Sources</Filter>
    </ClInclude>
    <ClInclude Include="..\Sources\AppDelegate.h">
      <Filter>Sources</Filter>
    </ClInclude>
    <ClInclude Include="resource.h">
      <Filter>win32</Filter>
    </ClInclude>
    <ClInclude Include="..\Sources\Game.h">
      <Filter>Sources</Filter>
    </ClInclude>
    <ClInclude Include="..\Sources\Jugador.h">
      <Filter>Sources</Filter>
    </ClInclude>
    <ClInclude Include="..\Sources\Enemigo.h">
      <Filter>Sources</Filter>
    </ClInclude>
    <ClInclude Include="..\Sources\PolyspriteTest.h">
      <Filter>Sources</Filter>
    </ClInclude>
    <ClInclude Include="..\Sources\Horda.h">
      <Filter>Sources</Filter>
    </ClInclude>
    <ClInclude Include="..\Sources\Pool.h">
      <Filter>Sources</Filter>
    </ClInclude>
  </ItemGroup>
  <ItemGroup>
    <ResourceCompile Include="game.rc">
      <Filter>resource</Filter>
    </ResourceCompile>
  </ItemGroup>
  <ItemGroup>
    <None Include="ClassDiagram.cd" />
  </ItemGroup>
</Project>